// !$*UTF8*$!
{
	archiveVersion = 1;
	classes = {
	};
	objectVersion = 56;
	objects = {

/* Begin PBXBuildFile section */
		4DE753CF2B685D0B00EB6772 /* AppDelegate.swift in Sources */ = {isa = PBXBuildFile; fileRef = 4DE753CE2B685D0B00EB6772 /* AppDelegate.swift */; };
		4DE753D12B685D0B00EB6772 /* SceneDelegate.swift in Sources */ = {isa = PBXBuildFile; fileRef = 4DE753D02B685D0B00EB6772 /* SceneDelegate.swift */; };
		4DE753D32B685D0B00EB6772 /* WeatherViewController1.swift in Sources */ = {isa = PBXBuildFile; fileRef = 4DE753D22B685D0B00EB6772 /* WeatherViewController1.swift */; };
		4DE753D62B685D0B00EB6772 /* WeatherViewController1.storyboard in Resources */ = {isa = PBXBuildFile; fileRef = 4DE753D42B685D0B00EB6772 /* WeatherViewController1.storyboard */; };
		4DE753D82B685D0D00EB6772 /* Assets.xcassets in Resources */ = {isa = PBXBuildFile; fileRef = 4DE753D72B685D0D00EB6772 /* Assets.xcassets */; };
		4DE753DB2B685D0D00EB6772 /* LaunchScreen.storyboard in Resources */ = {isa = PBXBuildFile; fileRef = 4DE753D92B685D0D00EB6772 /* LaunchScreen.storyboard */; };
		4DE753E32B685DCA00EB6772 /* WeatherViewModel.swift in Sources */ = {isa = PBXBuildFile; fileRef = 4DE753E22B685DCA00EB6772 /* WeatherViewModel.swift */; };
		4DE753E52B685DD400EB6772 /* APICaller.swift in Sources */ = {isa = PBXBuildFile; fileRef = 4DE753E42B685DD400EB6772 /* APICaller.swift */; };
		4DE753E72B6861B600EB6772 /* Model.swift in Sources */ = {isa = PBXBuildFile; fileRef = 4DE753E62B6861B600EB6772 /* Model.swift */; };
		4DE753E92B6869F700EB6772 /* Coordinator.swift in Sources */ = {isa = PBXBuildFile; fileRef = 4DE753E82B6869F700EB6772 /* Coordinator.swift */; };
		4DE753EB2B686A2900EB6772 /* UIStoryboard+.swift in Sources */ = {isa = PBXBuildFile; fileRef = 4DE753EA2B686A2900EB6772 /* UIStoryboard+.swift */; };
		840207AC2B68F3F900C7F17C /* Alamofire in Frameworks */ = {isa = PBXBuildFile; productRef = 840207AB2B68F3F900C7F17C /* Alamofire */; };
		840207B42B690F2100C7F17C /* TableViewCell.swift in Sources */ = {isa = PBXBuildFile; fileRef = 840207B22B690F2100C7F17C /* TableViewCell.swift */; };
		840207B52B690F2100C7F17C /* TableViewCell.xib in Resources */ = {isa = PBXBuildFile; fileRef = 840207B32B690F2100C7F17C /* TableViewCell.xib */; };
		840207B72B6926FB00C7F17C /* AlertManager.swift in Sources */ = {isa = PBXBuildFile; fileRef = 840207B62B6926FB00C7F17C /* AlertManager.swift */; };
		8412AC6E2B68E289002921DB /* Double+.swift in Sources */ = {isa = PBXBuildFile; fileRef = 8412AC6D2B68E289002921DB /* Double+.swift */; };
		8412AC702B68E292002921DB /* Int+.swift in Sources */ = {isa = PBXBuildFile; fileRef = 8412AC6F2B68E292002921DB /* Int+.swift */; };
		8412AC752B68EBE4002921DB /* WeatherModel.swift in Sources */ = {isa = PBXBuildFile; fileRef = 8412AC742B68EBE4002921DB /* WeatherModel.swift */; };
/* End PBXBuildFile section */

/* Begin PBXFileReference section */
		4DE753CB2B685D0B00EB6772 /* WeatherApp.app */ = {isa = PBXFileReference; explicitFileType = wrapper.application; includeInIndex = 0; path = WeatherApp.app; sourceTree = BUILT_PRODUCTS_DIR; };
		4DE753CE2B685D0B00EB6772 /* AppDelegate.swift */ = {isa = PBXFileReference; lastKnownFileType = sourcecode.swift; path = AppDelegate.swift; sourceTree = "<group>"; };
		4DE753D02B685D0B00EB6772 /* SceneDelegate.swift */ = {isa = PBXFileReference; lastKnownFileType = sourcecode.swift; path = SceneDelegate.swift; sourceTree = "<group>"; };
		4DE753D22B685D0B00EB6772 /* WeatherViewController1.swift */ = {isa = PBXFileReference; lastKnownFileType = sourcecode.swift; path = WeatherViewController1.swift; sourceTree = "<group>"; };
		4DE753D52B685D0B00EB6772 /* Base */ = {isa = PBXFileReference; lastKnownFileType = file.storyboard; name = Base; path = Base.lproj/WeatherViewController1.storyboard; sourceTree = "<group>"; };
		4DE753D72B685D0D00EB6772 /* Assets.xcassets */ = {isa = PBXFileReference; lastKnownFileType = folder.assetcatalog; path = Assets.xcassets; sourceTree = "<group>"; };
		4DE753DA2B685D0D00EB6772 /* Base */ = {isa = PBXFileReference; lastKnownFileType = file.storyboard; name = Base; path = Base.lproj/LaunchScreen.storyboard; sourceTree = "<group>"; };
		4DE753DC2B685D0D00EB6772 /* Info.plist */ = {isa = PBXFileReference; lastKnownFileType = text.plist.xml; path = Info.plist; sourceTree = "<group>"; };
		4DE753E22B685DCA00EB6772 /* WeatherViewModel.swift */ = {isa = PBXFileReference; lastKnownFileType = sourcecode.swift; path = WeatherViewModel.swift; sourceTree = "<group>"; };
		4DE753E42B685DD400EB6772 /* APICaller.swift */ = {isa = PBXFileReference; lastKnownFileType = sourcecode.swift; path = APICaller.swift; sourceTree = "<group>"; };
		4DE753E62B6861B600EB6772 /* Model.swift */ = {isa = PBXFileReference; lastKnownFileType = sourcecode.swift; path = Model.swift; sourceTree = "<group>"; };
		4DE753E82B6869F700EB6772 /* Coordinator.swift */ = {isa = PBXFileReference; lastKnownFileType = sourcecode.swift; path = Coordinator.swift; sourceTree = "<group>"; };
		4DE753EA2B686A2900EB6772 /* UIStoryboard+.swift */ = {isa = PBXFileReference; lastKnownFileType = sourcecode.swift; path = "UIStoryboard+.swift"; sourceTree = "<group>"; };
		840207B22B690F2100C7F17C /* TableViewCell.swift */ = {isa = PBXFileReference; lastKnownFileType = sourcecode.swift; path = TableViewCell.swift; sourceTree = "<group>"; };
		840207B32B690F2100C7F17C /* TableViewCell.xib */ = {isa = PBXFileReference; lastKnownFileType = file.xib; path = TableViewCell.xib; sourceTree = "<group>"; };
		840207B62B6926FB00C7F17C /* AlertManager.swift */ = {isa = PBXFileReference; lastKnownFileType = sourcecode.swift; path = AlertManager.swift; sourceTree = "<group>"; };
		8412AC6D2B68E289002921DB /* Double+.swift */ = {isa = PBXFileReference; lastKnownFileType = sourcecode.swift; path = "Double+.swift"; sourceTree = "<group>"; };
		8412AC6F2B68E292002921DB /* Int+.swift */ = {isa = PBXFileReference; lastKnownFileType = sourcecode.swift; path = "Int+.swift"; sourceTree = "<group>"; };
		8412AC742B68EBE4002921DB /* WeatherModel.swift */ = {isa = PBXFileReference; lastKnownFileType = sourcecode.swift; path = WeatherModel.swift; sourceTree = "<group>"; };
/* End PBXFileReference section */

/* Begin PBXFrameworksBuildPhase section */
		4DE753C82B685D0B00EB6772 /* Frameworks */ = {
			isa = PBXFrameworksBuildPhase;
			buildActionMask = 2147483647;
			files = (
				840207AC2B68F3F900C7F17C /* Alamofire in Frameworks */,
			);
			runOnlyForDeploymentPostprocessing = 0;
		};
/* End PBXFrameworksBuildPhase section */

/* Begin PBXGroup section */
		4DE753C22B685D0B00EB6772 = {
			isa = PBXGroup;
			children = (
				4DE753CD2B685D0B00EB6772 /* WeatherApp */,
				4DE753CC2B685D0B00EB6772 /* Products */,
			);
			sourceTree = "<group>";
		};
		4DE753CC2B685D0B00EB6772 /* Products */ = {
			isa = PBXGroup;
			children = (
				4DE753CB2B685D0B00EB6772 /* WeatherApp.app */,
			);
			name = Products;
			sourceTree = "<group>";
		};
		4DE753CD2B685D0B00EB6772 /* WeatherApp */ = {
			isa = PBXGroup;
			children = (
				4DE753F32B686AFB00EB6772 /* Managers */,
				4DE753F22B686AF200EB6772 /* Models */,
				4DE753F12B686AE900EB6772 /* Extensions */,
				4DE753F02B686AE100EB6772 /* Coordinator */,
				4DE753EC2B686ABB00EB6772 /* Controllers */,
				4DE753CE2B685D0B00EB6772 /* AppDelegate.swift */,
				4DE753D02B685D0B00EB6772 /* SceneDelegate.swift */,
				4DE753D72B685D0D00EB6772 /* Assets.xcassets */,
				4DE753D92B685D0D00EB6772 /* LaunchScreen.storyboard */,
				4DE753DC2B685D0D00EB6772 /* Info.plist */,
			);
			path = WeatherApp;
			sourceTree = "<group>";
		};
		4DE753EC2B686ABB00EB6772 /* Controllers */ = {
			isa = PBXGroup;
			children = (
				4DE753ED2B686AC600EB6772 /* Weather */,
			);
			path = Controllers;
			sourceTree = "<group>";
		};
		4DE753ED2B686AC600EB6772 /* Weather */ = {
			isa = PBXGroup;
			children = (
				8412AC732B68EBDA002921DB /* Model */,
				4DE753EF2B686AD400EB6772 /* ViewModel */,
				4DE753EE2B686ACC00EB6772 /* View */,
			);
			path = Weather;
			sourceTree = "<group>";
		};
		4DE753EE2B686ACC00EB6772 /* View */ = {
			isa = PBXGroup;
			children = (
				840207AD2B69023200C7F17C /* Cell */,
				4DE753D22B685D0B00EB6772 /* WeatherViewController1.swift */,
				4DE753D42B685D0B00EB6772 /* WeatherViewController1.storyboard */,
			);
			path = View;
			sourceTree = "<group>";
		};
		4DE753EF2B686AD400EB6772 /* ViewModel */ = {
			isa = PBXGroup;
			children = (
				4DE753E22B685DCA00EB6772 /* WeatherViewModel.swift */,
			);
			path = ViewModel;
			sourceTree = "<group>";
		};
		4DE753F02B686AE100EB6772 /* Coordinator */ = {
			isa = PBXGroup;
			children = (
				4DE753E82B6869F700EB6772 /* Coordinator.swift */,
			);
			path = Coordinator;
			sourceTree = "<group>";
		};
		4DE753F12B686AE900EB6772 /* Extensions */ = {
			isa = PBXGroup;
			children = (
				4DE753EA2B686A2900EB6772 /* UIStoryboard+.swift */,
				8412AC6D2B68E289002921DB /* Double+.swift */,
				8412AC6F2B68E292002921DB /* Int+.swift */,
			);
			path = Extensions;
			sourceTree = "<group>";
		};
		4DE753F22B686AF200EB6772 /* Models */ = {
			isa = PBXGroup;
			children = (
				4DE753E62B6861B600EB6772 /* Model.swift */,
			);
			path = Models;
			sourceTree = "<group>";
		};
		4DE753F32B686AFB00EB6772 /* Managers */ = {
			isa = PBXGroup;
			children = (
				4DE753E42B685DD400EB6772 /* APICaller.swift */,
				840207B62B6926FB00C7F17C /* AlertManager.swift */,
			);
			path = Managers;
			sourceTree = "<group>";
		};
		840207AD2B69023200C7F17C /* Cell */ = {
			isa = PBXGroup;
			children = (
				840207B22B690F2100C7F17C /* TableViewCell.swift */,
				840207B32B690F2100C7F17C /* TableViewCell.xib */,
			);
			path = Cell;
			sourceTree = "<group>";
		};
		8412AC732B68EBDA002921DB /* Model */ = {
			isa = PBXGroup;
			children = (
				8412AC742B68EBE4002921DB /* WeatherModel.swift */,
			);
			path = Model;
			sourceTree = "<group>";
		};
/* End PBXGroup section */

/* Begin PBXNativeTarget section */
		4DE753CA2B685D0B00EB6772 /* WeatherApp */ = {
			isa = PBXNativeTarget;
			buildConfigurationList = 4DE753DF2B685D0D00EB6772 /* Build configuration list for PBXNativeTarget "WeatherApp" */;
			buildPhases = (
				4DE753C72B685D0B00EB6772 /* Sources */,
				4DE753C82B685D0B00EB6772 /* Frameworks */,
				4DE753C92B685D0B00EB6772 /* Resources */,
			);
			buildRules = (
			);
			dependencies = (
			);
			name = WeatherApp;
			packageProductDependencies = (
				840207AB2B68F3F900C7F17C /* Alamofire */,
			);
			productName = WeatherApp;
			productReference = 4DE753CB2B685D0B00EB6772 /* WeatherApp.app */;
			productType = "com.apple.product-type.application";
		};
/* End PBXNativeTarget section */

/* Begin PBXProject section */
		4DE753C32B685D0B00EB6772 /* Project object */ = {
			isa = PBXProject;
			attributes = {
				BuildIndependentTargetsInParallel = 1;
				LastSwiftUpdateCheck = 1430;
				LastUpgradeCheck = 1430;
				TargetAttributes = {
					4DE753CA2B685D0B00EB6772 = {
						CreatedOnToolsVersion = 14.3.1;
					};
				};
			};
			buildConfigurationList = 4DE753C62B685D0B00EB6772 /* Build configuration list for PBXProject "WeatherApp" */;
			compatibilityVersion = "Xcode 14.0";
			developmentRegion = en;
			hasScannedForEncodings = 0;
			knownRegions = (
				en,
				Base,
			);
			mainGroup = 4DE753C22B685D0B00EB6772;
			packageReferences = (
				840207AA2B68F3F900C7F17C /* XCRemoteSwiftPackageReference "Alamofire" */,
			);
			productRefGroup = 4DE753CC2B685D0B00EB6772 /* Products */;
			projectDirPath = "";
			projectRoot = "";
			targets = (
				4DE753CA2B685D0B00EB6772 /* WeatherApp */,
			);
		};
/* End PBXProject section */

/* Begin PBXResourcesBuildPhase section */
		4DE753C92B685D0B00EB6772 /* Resources */ = {
			isa = PBXResourcesBuildPhase;
			buildActionMask = 2147483647;
			files = (
				4DE753DB2B685D0D00EB6772 /* LaunchScreen.storyboard in Resources */,
				840207B52B690F2100C7F17C /* TableViewCell.xib in Resources */,
				4DE753D82B685D0D00EB6772 /* Assets.xcassets in Resources */,
				4DE753D62B685D0B00EB6772 /* WeatherViewController1.storyboard in Resources */,
			);
			runOnlyForDeploymentPostprocessing = 0;
		};
/* End PBXResourcesBuildPhase section */

/* Begin PBXSourcesBuildPhase section */
		4DE753C72B685D0B00EB6772 /* Sources */ = {
			isa = PBXSourcesBuildPhase;
			buildActionMask = 2147483647;
			files = (
				8412AC6E2B68E289002921DB /* Double+.swift in Sources */,
				4DE753EB2B686A2900EB6772 /* UIStoryboard+.swift in Sources */,
				4DE753D32B685D0B00EB6772 /* WeatherViewController1.swift in Sources */,
				4DE753CF2B685D0B00EB6772 /* AppDelegate.swift in Sources */,
				4DE753E32B685DCA00EB6772 /* WeatherViewModel.swift in Sources */,
				840207B72B6926FB00C7F17C /* AlertManager.swift in Sources */,
				4DE753E72B6861B600EB6772 /* Model.swift in Sources */,
				4DE753E52B685DD400EB6772 /* APICaller.swift in Sources */,
				8412AC702B68E292002921DB /* Int+.swift in Sources */,
				4DE753D12B685D0B00EB6772 /* SceneDelegate.swift in Sources */,
				840207B42B690F2100C7F17C /* TableViewCell.swift in Sources */,
				4DE753E92B6869F700EB6772 /* Coordinator.swift in Sources */,
				8412AC752B68EBE4002921DB /* WeatherModel.swift in Sources */,
			);
			runOnlyForDeploymentPostprocessing = 0;
		};
/* End PBXSourcesBuildPhase section */

/* Begin PBXVariantGroup section */
		4DE753D42B685D0B00EB6772 /* WeatherViewController1.storyboard */ = {
			isa = PBXVariantGroup;
			children = (
				4DE753D52B685D0B00EB6772 /* Base */,
			);
			name = WeatherViewController1.storyboard;
			sourceTree = "<group>";
		};
		4DE753D92B685D0D00EB6772 /* LaunchScreen.storyboard */ = {
			isa = PBXVariantGroup;
			children = (
				4DE753DA2B685D0D00EB6772 /* Base */,
			);
			name = LaunchScreen.storyboard;
			sourceTree = "<group>";
		};
/* End PBXVariantGroup section */

/* Begin XCBuildConfiguration section */
		4DE753DD2B685D0D00EB6772 /* Debug */ = {
			isa = XCBuildConfiguration;
			buildSettings = {
				ALWAYS_SEARCH_USER_PATHS = NO;
				CLANG_ANALYZER_NONNULL = YES;
				CLANG_ANALYZER_NUMBER_OBJECT_CONVERSION = YES_AGGRESSIVE;
				CLANG_CXX_LANGUAGE_STANDARD = "gnu++20";
				CLANG_ENABLE_MODULES = YES;
				CLANG_ENABLE_OBJC_ARC = YES;
				CLANG_ENABLE_OBJC_WEAK = YES;
				CLANG_WARN_BLOCK_CAPTURE_AUTORELEASING = YES;
				CLANG_WARN_BOOL_CONVERSION = YES;
				CLANG_WARN_COMMA = YES;
				CLANG_WARN_CONSTANT_CONVERSION = YES;
				CLANG_WARN_DEPRECATED_OBJC_IMPLEMENTATIONS = YES;
				CLANG_WARN_DIRECT_OBJC_ISA_USAGE = YES_ERROR;
				CLANG_WARN_DOCUMENTATION_COMMENTS = YES;
				CLANG_WARN_EMPTY_BODY = YES;
				CLANG_WARN_ENUM_CONVERSION = YES;
				CLANG_WARN_INFINITE_RECURSION = YES;
				CLANG_WARN_INT_CONVERSION = YES;
				CLANG_WARN_NON_LITERAL_NULL_CONVERSION = YES;
				CLANG_WARN_OBJC_IMPLICIT_RETAIN_SELF = YES;
				CLANG_WARN_OBJC_LITERAL_CONVERSION = YES;
				CLANG_WARN_OBJC_ROOT_CLASS = YES_ERROR;
				CLANG_WARN_QUOTED_INCLUDE_IN_FRAMEWORK_HEADER = YES;
				CLANG_WARN_RANGE_LOOP_ANALYSIS = YES;
				CLANG_WARN_STRICT_PROTOTYPES = YES;
				CLANG_WARN_SUSPICIOUS_MOVE = YES;
				CLANG_WARN_UNGUARDED_AVAILABILITY = YES_AGGRESSIVE;
				CLANG_WARN_UNREACHABLE_CODE = YES;
				CLANG_WARN__DUPLICATE_METHOD_MATCH = YES;
				COPY_PHASE_STRIP = NO;
				DEBUG_INFORMATION_FORMAT = dwarf;
				ENABLE_STRICT_OBJC_MSGSEND = YES;
				ENABLE_TESTABILITY = YES;
				GCC_C_LANGUAGE_STANDARD = gnu11;
				GCC_DYNAMIC_NO_PIC = NO;
				GCC_NO_COMMON_BLOCKS = YES;
				GCC_OPTIMIZATION_LEVEL = 0;
				GCC_PREPROCESSOR_DEFINITIONS = (
					"DEBUG=1",
					"$(inherited)",
				);
				GCC_WARN_64_TO_32_BIT_CONVERSION = YES;
				GCC_WARN_ABOUT_RETURN_TYPE = YES_ERROR;
				GCC_WARN_UNDECLARED_SELECTOR = YES;
				GCC_WARN_UNINITIALIZED_AUTOS = YES_AGGRESSIVE;
				GCC_WARN_UNUSED_FUNCTION = YES;
				GCC_WARN_UNUSED_VARIABLE = YES;
				IPHONEOS_DEPLOYMENT_TARGET = 16.4;
				MTL_ENABLE_DEBUG_INFO = INCLUDE_SOURCE;
				MTL_FAST_MATH = YES;
				ONLY_ACTIVE_ARCH = YES;
				SDKROOT = iphoneos;
				SWIFT_ACTIVE_COMPILATION_CONDITIONS = DEBUG;
				SWIFT_OPTIMIZATION_LEVEL = "-Onone";
			};
			name = Debug;
		};
		4DE753DE2B685D0D00EB6772 /* Release */ = {
			isa = XCBuildConfiguration;
			buildSettings = {
				ALWAYS_SEARCH_USER_PATHS = NO;
				CLANG_ANALYZER_NONNULL = YES;
				CLANG_ANALYZER_NUMBER_OBJECT_CONVERSION = YES_AGGRESSIVE;
				CLANG_CXX_LANGUAGE_STANDARD = "gnu++20";
				CLANG_ENABLE_MODULES = YES;
				CLANG_ENABLE_OBJC_ARC = YES;
				CLANG_ENABLE_OBJC_WEAK = YES;
				CLANG_WARN_BLOCK_CAPTURE_AUTORELEASING = YES;
				CLANG_WARN_BOOL_CONVERSION = YES;
				CLANG_WARN_COMMA = YES;
				CLANG_WARN_CONSTANT_CONVERSION = YES;
				CLANG_WARN_DEPRECATED_OBJC_IMPLEMENTATIONS = YES;
				CLANG_WARN_DIRECT_OBJC_ISA_USAGE = YES_ERROR;
				CLANG_WARN_DOCUMENTATION_COMMENTS = YES;
				CLANG_WARN_EMPTY_BODY = YES;
				CLANG_WARN_ENUM_CONVERSION = YES;
				CLANG_WARN_INFINITE_RECURSION = YES;
				CLANG_WARN_INT_CONVERSION = YES;
				CLANG_WARN_NON_LITERAL_NULL_CONVERSION = YES;
				CLANG_WARN_OBJC_IMPLICIT_RETAIN_SELF = YES;
				CLANG_WARN_OBJC_LITERAL_CONVERSION = YES;
				CLANG_WARN_OBJC_ROOT_CLASS = YES_ERROR;
				CLANG_WARN_QUOTED_INCLUDE_IN_FRAMEWORK_HEADER = YES;
				CLANG_WARN_RANGE_LOOP_ANALYSIS = YES;
				CLANG_WARN_STRICT_PROTOTYPES = YES;
				CLANG_WARN_SUSPICIOUS_MOVE = YES;
				CLANG_WARN_UNGUARDED_AVAILABILITY = YES_AGGRESSIVE;
				CLANG_WARN_UNREACHABLE_CODE = YES;
				CLANG_WARN__DUPLICATE_METHOD_MATCH = YES;
				COPY_PHASE_STRIP = NO;
				DEBUG_INFORMATION_FORMAT = "dwarf-with-dsym";
				ENABLE_NS_ASSERTIONS = NO;
				ENABLE_STRICT_OBJC_MSGSEND = YES;
				GCC_C_LANGUAGE_STANDARD = gnu11;
				GCC_NO_COMMON_BLOCKS = YES;
				GCC_WARN_64_TO_32_BIT_CONVERSION = YES;
				GCC_WARN_ABOUT_RETURN_TYPE = YES_ERROR;
				GCC_WARN_UNDECLARED_SELECTOR = YES;
				GCC_WARN_UNINITIALIZED_AUTOS = YES_AGGRESSIVE;
				GCC_WARN_UNUSED_FUNCTION = YES;
				GCC_WARN_UNUSED_VARIABLE = YES;
				IPHONEOS_DEPLOYMENT_TARGET = 16.4;
				MTL_ENABLE_DEBUG_INFO = NO;
				MTL_FAST_MATH = YES;
				SDKROOT = iphoneos;
				SWIFT_COMPILATION_MODE = wholemodule;
				SWIFT_OPTIMIZATION_LEVEL = "-O";
				VALIDATE_PRODUCT = YES;
			};
			name = Release;
		};
		4DE753E02B685D0D00EB6772 /* Debug */ = {
			isa = XCBuildConfiguration;
			buildSettings = {
				ASSETCATALOG_COMPILER_APPICON_NAME = AppIcon;
				ASSETCATALOG_COMPILER_GLOBAL_ACCENT_COLOR_NAME = AccentColor;
				CODE_SIGN_STYLE = Automatic;
				CURRENT_PROJECT_VERSION = 1;
				DEVELOPMENT_TEAM = G67PZ48Y7D;
				GENERATE_INFOPLIST_FILE = YES;
				INFOPLIST_FILE = WeatherApp/Info.plist;
				INFOPLIST_KEY_NSLocationWhenInUseUsageDescription = we;
				INFOPLIST_KEY_UIApplicationSupportsIndirectInputEvents = YES;
				INFOPLIST_KEY_UILaunchStoryboardName = LaunchScreen;
				INFOPLIST_KEY_UIMainStoryboardFile = WeatherViewController1;
				INFOPLIST_KEY_UISupportedInterfaceOrientations_iPad = "UIInterfaceOrientationPortrait UIInterfaceOrientationPortraitUpsideDown UIInterfaceOrientationLandscapeLeft UIInterfaceOrientationLandscapeRight";
				INFOPLIST_KEY_UISupportedInterfaceOrientations_iPhone = "UIInterfaceOrientationPortrait UIInterfaceOrientationLandscapeLeft UIInterfaceOrientationLandscapeRight";
				LD_RUNPATH_SEARCH_PATHS = (
					"$(inherited)",
					"@executable_path/Frameworks",
				);
				MARKETING_VERSION = 1.0;
				PRODUCT_BUNDLE_IDENTIFIER = com.WeatherApp;
				PRODUCT_NAME = "$(TARGET_NAME)";
				SWIFT_EMIT_LOC_STRINGS = YES;
				SWIFT_VERSION = 5.0;
				TARGETED_DEVICE_FAMILY = "1,2";
			};
			name = Debug;
		};
		4DE753E12B685D0D00EB6772 /* Release */ = {
			isa = XCBuildConfiguration;
			buildSettings = {
				ASSETCATALOG_COMPILER_APPICON_NAME = AppIcon;
				ASSETCATALOG_COMPILER_GLOBAL_ACCENT_COLOR_NAME = AccentColor;
				CODE_SIGN_STYLE = Automatic;
				CURRENT_PROJECT_VERSION = 1;
				DEVELOPMENT_TEAM = G67PZ48Y7D;
				GENERATE_INFOPLIST_FILE = YES;
				INFOPLIST_FILE = WeatherApp/Info.plist;
				INFOPLIST_KEY_NSLocationWhenInUseUsageDescription = we;
				INFOPLIST_KEY_UIApplicationSupportsIndirectInputEvents = YES;
				INFOPLIST_KEY_UILaunchStoryboardName = LaunchScreen;
				INFOPLIST_KEY_UIMainStoryboardFile = WeatherViewController1;
				INFOPLIST_KEY_UISupportedInterfaceOrientations_iPad = "UIInterfaceOrientationPortrait UIInterfaceOrientationPortraitUpsideDown UIInterfaceOrientationLandscapeLeft UIInterfaceOrientationLandscapeRight";
				INFOPLIST_KEY_UISupportedInterfaceOrientations_iPhone = "UIInterfaceOrientationPortrait UIInterfaceOrientationLandscapeLeft UIInterfaceOrientationLandscapeRight";
				LD_RUNPATH_SEARCH_PATHS = (
					"$(inherited)",
					"@executable_path/Frameworks",
				);
				MARKETING_VERSION = 1.0;
				PRODUCT_BUNDLE_IDENTIFIER = com.WeatherApp;
				PRODUCT_NAME = "$(TARGET_NAME)";
				SWIFT_EMIT_LOC_STRINGS = YES;
				SWIFT_VERSION = 5.0;
				TARGETED_DEVICE_FAMILY = "1,2";
			};
			name = Release;
		};
/* End XCBuildConfiguration section */

/* Begin XCConfigurationList section */
		4DE753C62B685D0B00EB6772 /* Build configuration list for PBXProject "WeatherApp" */ = {
			isa = XCConfigurationList;
			buildConfigurations = (
				4DE753DD2B685D0D00EB6772 /* Debug */,
				4DE753DE2B685D0D00EB6772 /* Release */,
			);
			defaultConfigurationIsVisible = 0;
			defaultConfigurationName = Release;
		};
		4DE753DF2B685D0D00EB6772 /* Build configuration list for PBXNativeTarget "WeatherApp" */ = {
			isa = XCConfigurationList;
			buildConfigurations = (
				4DE753E02B685D0D00EB6772 /* Debug */,
				4DE753E12B685D0D00EB6772 /* Release */,
			);
			defaultConfigurationIsVisible = 0;
			defaultConfigurationName = Release;
		};
/* End XCConfigurationList section */

/* Begin XCRemoteSwiftPackageReference section */
		840207AA2B68F3F900C7F17C /* XCRemoteSwiftPackageReference "Alamofire" */ = {
			isa = XCRemoteSwiftPackageReference;
			repositoryURL = "https://github.com/Alamofire/Alamofire.git";
			requirement = {
				kind = upToNextMajorVersion;
				minimumVersion = 5.8.1;
			};
		};
/* End XCRemoteSwiftPackageReference section */

/* Begin XCSwiftPackageProductDependency section */
		840207AB2B68F3F900C7F17C /* Alamofire */ = {
			isa = XCSwiftPackageProductDependency;
			package = 840207AA2B68F3F900C7F17C /* XCRemoteSwiftPackageReference "Alamofire" */;
			productName = Alamofire;
		};
/* End XCSwiftPackageProductDependency section */
	};
	rootObject = 4DE753C32B685D0B00EB6772 /* Project object */;
}
